
Microsoft Visual Studio Solution File, Format Version 12.00
# Visual Studio Version 16
VisualStudioVersion = 16.0.28922.388
MinimumVisualStudioVersion = 10.0.40219.1
Project("{9A19103F-16F7-4668-BE54-9A1E7A4F7556}") = "GalvanizedSoftware.Beethoven", "GalvanizedBeethoven\GalvanizedSoftware.Beethoven.csproj", "{49F5B760-8F8D-4A0B-978E-142266A03389}"
EndProject
Project("{9A19103F-16F7-4668-BE54-9A1E7A4F7556}") = "GalvanizedSoftware.Beethoven.Test", "GalvanizedSoftware.Beethoven.Test\GalvanizedSoftware.Beethoven.Test.csproj", "{427D067D-91CF-43C3-BD58-111311C2234F}"
EndProject
Project("{2150E333-8FDC-42A3-9474-1A3956D46DE8}") = "Workflows", "Workflows", "{5D78820F-11BF-42EE-A182-02AA57C08DEA}"
	ProjectSection(SolutionItems) = preProject
		.github\workflows\CI-macos.yml = .github\workflows\CI-macos.yml
		.github\workflows\CI-ubuntu.yml = .github\workflows\CI-ubuntu.yml
		.github\workflows\CI-windows.yml = .github\workflows\CI-windows.yml
		.github\workflows\manual-publish.yml = .github\workflows\manual-publish.yml
	EndProjectSection
EndProject
Project("{9A19103F-16F7-4668-BE54-9A1E7A4F7556}") = "DefinitionLibrary", "Test\DefinitionLibrary\DefinitionLibrary.csproj", "{7FF7EB33-1CF4-4DAE-B8FF-9A435CF4589B}"
EndProject
Project("{9A19103F-16F7-4668-BE54-9A1E7A4F7556}") = "ImplementationLibrary", "Test\ImplementationLibrary\ImplementationLibrary.csproj", "{84457A40-5979-4BC3-A358-B5294E981FBC}"
EndProject
Global
	GlobalSection(SolutionConfigurationPlatforms) = preSolution
		Debug|Any CPU = Debug|Any CPU
		Release|Any CPU = Release|Any CPU
	EndGlobalSection
	GlobalSection(ProjectConfigurationPlatforms) = postSolution
		{49F5B760-8F8D-4A0B-978E-142266A03389}.Debug|Any CPU.ActiveCfg = Debug|Any CPU
		{49F5B760-8F8D-4A0B-978E-142266A03389}.Debug|Any CPU.Build.0 = Debug|Any CPU
		{49F5B760-8F8D-4A0B-978E-142266A03389}.Release|Any CPU.ActiveCfg = Release|Any CPU
		{49F5B760-8F8D-4A0B-978E-142266A03389}.Release|Any CPU.Build.0 = Release|Any CPU
		{427D067D-91CF-43C3-BD58-111311C2234F}.Debug|Any CPU.ActiveCfg = Debug|Any CPU
		{427D067D-91CF-43C3-BD58-111311C2234F}.Debug|Any CPU.Build.0 = Debug|Any CPU
		{427D067D-91CF-43C3-BD58-111311C2234F}.Release|Any CPU.ActiveCfg = Release|Any CPU
		{427D067D-91CF-43C3-BD58-111311C2234F}.Release|Any CPU.Build.0 = Release|Any CPU
		{7FF7EB33-1CF4-4DAE-B8FF-9A435CF4589B}.Debug|Any CPU.ActiveCfg = Debug|Any CPU
		{7FF7EB33-1CF4-4DAE-B8FF-9A435CF4589B}.Debug|Any CPU.Build.0 = Debug|Any CPU
		{7FF7EB33-1CF4-4DAE-B8FF-9A435CF4589B}.Release|Any CPU.ActiveCfg = Release|Any CPU
		{7FF7EB33-1CF4-4DAE-B8FF-9A435CF4589B}.Release|Any CPU.Build.0 = Release|Any CPU
		{84457A40-5979-4BC3-A358-B5294E981FBC}.Debug|Any CPU.ActiveCfg = Debug|Any CPU
		{84457A40-5979-4BC3-A358-B5294E981FBC}.Debug|Any CPU.Build.0 = Debug|Any CPU
		{84457A40-5979-4BC3-A358-B5294E981FBC}.Release|Any CPU.ActiveCfg = Release|Any CPU
		{84457A40-5979-4BC3-A358-B5294E981FBC}.Release|Any CPU.Build.0 = Release|Any CPU
	EndGlobalSection
	GlobalSection(SolutionProperties) = preSolution
		HideSolutionNode = FALSE
	EndGlobalSection
	GlobalSection(ExtensibilityGlobals) = postSolution
		SolutionGuid = {1B0AF10D-D0F8-484F-ABBD-993A7497CB9D}
	EndGlobalSection
EndGlobal
